
Microsoft Visual Studio Solution File, Format Version 12.00
# Visual Studio Version 17
VisualStudioVersion = 17.3.32825.248
MinimumVisualStudioVersion = 10.0.40219.1
Project("{FAE04EC0-301F-11D3-BF4B-00C04F79EFBC}") = "CRMApp", "CRMApp\CRMApp.csproj", "{0E596CF9-C1B5-4328-84C3-E400B5FF64E5}"
EndProject
Project("{FAE04EC0-301F-11D3-BF4B-00C04F79EFBC}") = "CRMAppEntity", "CRMAppEntity\CRMAppEntity.csproj", "{003A62CB-B463-4114-B2DA-ABE409D01920}"
EndProject
Project("{FAE04EC0-301F-11D3-BF4B-00C04F79EFBC}") = "DataDesigner", "..\ConsoleApp\ConsoleApp1\DataDesigner.csproj", "{7B2C8370-F976-41C3-BAF1-93CCE7F3F247}"
EndProject
Project("{FAE04EC0-301F-11D3-BF4B-00C04F79EFBC}") = "CRMWebClient", "CRMWebClient\CRMWebClient.csproj", "{1773EA15-0B4F-4E73-A40D-E4038713AD57}"
EndProject
Global
	GlobalSection(SolutionConfigurationPlatforms) = preSolution
		Debug|Any CPU = Debug|Any CPU
		Release|Any CPU = Release|Any CPU
	EndGlobalSection
	GlobalSection(ProjectConfigurationPlatforms) = postSolution
		{0E596CF9-C1B5-4328-84C3-E400B5FF64E5}.Debug|Any CPU.ActiveCfg = Debug|Any CPU
		{0E596CF9-C1B5-4328-84C3-E400B5FF64E5}.Debug|Any CPU.Build.0 = Debug|Any CPU
		{0E596CF9-C1B5-4328-84C3-E400B5FF64E5}.Release|Any CPU.ActiveCfg = Release|Any CPU
		{0E596CF9-C1B5-4328-84C3-E400B5FF64E5}.Release|Any CPU.Build.0 = Release|Any CPU
		{003A62CB-B463-4114-B2DA-ABE409D01920}.Debug|Any CPU.ActiveCfg = Debug|Any CPU
		{003A62CB-B463-4114-B2DA-ABE409D01920}.Debug|Any CPU.Build.0 = Debug|Any CPU
		{003A62CB-B463-4114-B2DA-ABE409D01920}.Release|Any CPU.ActiveCfg = Release|Any CPU
		{003A62CB-B463-4114-B2DA-ABE409D01920}.Release|Any CPU.Build.0 = Release|Any CPU
		{7B2C8370-F976-41C3-BAF1-93CCE7F3F247}.Debug|Any CPU.ActiveCfg = Debug|Any CPU
		{7B2C8370-F976-41C3-BAF1-93CCE7F3F247}.Debug|Any CPU.Build.0 = Debug|Any CPU
		{7B2C8370-F976-41C3-BAF1-93CCE7F3F247}.Release|Any CPU.ActiveCfg = Release|Any CPU
		{7B2C8370-F976-41C3-BAF1-93CCE7F3F247}.Release|Any CPU.Build.0 = Release|Any CPU
		{1773EA15-0B4F-4E73-A40D-E4038713AD57}.Debug|Any CPU.ActiveCfg = Debug|Any CPU
		{1773EA15-0B4F-4E73-A40D-E4038713AD57}.Debug|Any CPU.Build.0 = Debug|Any CPU
		{1773EA15-0B4F-4E73-A40D-E4038713AD57}.Release|Any CPU.ActiveCfg = Release|Any CPU
		{1773EA15-0B4F-4E73-A40D-E4038713AD57}.Release|Any CPU.Build.0 = Release|Any CPU
	EndGlobalSection
	GlobalSection(SolutionProperties) = preSolution
		HideSolutionNode = FALSE
	EndGlobalSection
	GlobalSection(ExtensibilityGlobals) = postSolution
		SolutionGuid = {63649E97-E0C1-4B74-9D3D-6EC9E120F7AC}
	EndGlobalSection
EndGlobal
